
Microsoft Visual Studio Solution File, Format Version 12.00
# Visual Studio Version 17
VisualStudioVersion = 17.5.33516.290
MinimumVisualStudioVersion = 10.0.40219.1
Project("{9A19103F-16F7-4668-BE54-9A1E7A4F7556}") = "CoreBlog", "CoreBlog\CoreBlog.csproj", "{2F4760A2-AE03-4ABC-A15E-3BB7D5FE3600}"
EndProject
Project("{9A19103F-16F7-4668-BE54-9A1E7A4F7556}") = "EntityLayer", "EntityLayer\EntityLayer.csproj", "{793DCBEB-CA6C-4A88-864B-1CF90B8F0811}"
EndProject
Project("{9A19103F-16F7-4668-BE54-9A1E7A4F7556}") = "BusinessLayer", "BusinessLayer\BusinessLayer.csproj", "{808E35FD-C6F7-4266-A2CC-D2FE8CCF307C}"
EndProject
Project("{9A19103F-16F7-4668-BE54-9A1E7A4F7556}") = "DataAccessLayer", "DataAccessLayer\DataAccessLayer.csproj", "{B311B1B3-9E4D-4A0C-89C3-55C612493320}"
EndProject
Project("{9A19103F-16F7-4668-BE54-9A1E7A4F7556}") = "CoreLayer", "CoreLayer\CoreLayer.csproj", "{098452BC-6971-49FF-8D83-1D3D05930531}"
EndProject
Project("{9A19103F-16F7-4668-BE54-9A1E7A4F7556}") = "BlogApiDemo", "BlogApiDemo\BlogApiDemo.csproj", "{1D8D1A0A-D7F0-4B8A-82CF-0B033020CB57}"
EndProject
Project("{FAE04EC0-301F-11D3-BF4B-00C04F79EFBC}") = "jwt_core_proje_kampi", "jwt_core_proje_kampi\jwt_core_proje_kampi.csproj", "{77B4BE40-7040-40E9-BADE-1EA29B2792B7}"
EndProject
Global
	GlobalSection(SolutionConfigurationPlatforms) = preSolution
		Debug|Any CPU = Debug|Any CPU
		Release|Any CPU = Release|Any CPU
	EndGlobalSection
	GlobalSection(ProjectConfigurationPlatforms) = postSolution
		{2F4760A2-AE03-4ABC-A15E-3BB7D5FE3600}.Debug|Any CPU.ActiveCfg = Debug|Any CPU
		{2F4760A2-AE03-4ABC-A15E-3BB7D5FE3600}.Debug|Any CPU.Build.0 = Debug|Any CPU
		{2F4760A2-AE03-4ABC-A15E-3BB7D5FE3600}.Release|Any CPU.ActiveCfg = Release|Any CPU
		{2F4760A2-AE03-4ABC-A15E-3BB7D5FE3600}.Release|Any CPU.Build.0 = Release|Any CPU
		{793DCBEB-CA6C-4A88-864B-1CF90B8F0811}.Debug|Any CPU.ActiveCfg = Debug|Any CPU
		{793DCBEB-CA6C-4A88-864B-1CF90B8F0811}.Debug|Any CPU.Build.0 = Debug|Any CPU
		{793DCBEB-CA6C-4A88-864B-1CF90B8F0811}.Release|Any CPU.ActiveCfg = Release|Any CPU
		{793DCBEB-CA6C-4A88-864B-1CF90B8F0811}.Release|Any CPU.Build.0 = Release|Any CPU
		{808E35FD-C6F7-4266-A2CC-D2FE8CCF307C}.Debug|Any CPU.ActiveCfg = Debug|Any CPU
		{808E35FD-C6F7-4266-A2CC-D2FE8CCF307C}.Debug|Any CPU.Build.0 = Debug|Any CPU
		{808E35FD-C6F7-4266-A2CC-D2FE8CCF307C}.Release|Any CPU.ActiveCfg = Release|Any CPU
		{808E35FD-C6F7-4266-A2CC-D2FE8CCF307C}.Release|Any CPU.Build.0 = Release|Any CPU
		{B311B1B3-9E4D-4A0C-89C3-55C612493320}.Debug|Any CPU.ActiveCfg = Debug|Any CPU
		{B311B1B3-9E4D-4A0C-89C3-55C612493320}.Debug|Any CPU.Build.0 = Debug|Any CPU
		{B311B1B3-9E4D-4A0C-89C3-55C612493320}.Release|Any CPU.ActiveCfg = Release|Any CPU
		{B311B1B3-9E4D-4A0C-89C3-55C612493320}.Release|Any CPU.Build.0 = Release|Any CPU
		{098452BC-6971-49FF-8D83-1D3D05930531}.Debug|Any CPU.ActiveCfg = Debug|Any CPU
		{098452BC-6971-49FF-8D83-1D3D05930531}.Debug|Any CPU.Build.0 = Debug|Any CPU
		{098452BC-6971-49FF-8D83-1D3D05930531}.Release|Any CPU.ActiveCfg = Release|Any CPU
		{098452BC-6971-49FF-8D83-1D3D05930531}.Release|Any CPU.Build.0 = Release|Any CPU
		{1D8D1A0A-D7F0-4B8A-82CF-0B033020CB57}.Debug|Any CPU.ActiveCfg = Debug|Any CPU
		{1D8D1A0A-D7F0-4B8A-82CF-0B033020CB57}.Debug|Any CPU.Build.0 = Debug|Any CPU
		{1D8D1A0A-D7F0-4B8A-82CF-0B033020CB57}.Release|Any CPU.ActiveCfg = Release|Any CPU
		{1D8D1A0A-D7F0-4B8A-82CF-0B033020CB57}.Release|Any CPU.Build.0 = Release|Any CPU
		{77B4BE40-7040-40E9-BADE-1EA29B2792B7}.Debug|Any CPU.ActiveCfg = Debug|Any CPU
		{77B4BE40-7040-40E9-BADE-1EA29B2792B7}.Debug|Any CPU.Build.0 = Debug|Any CPU
		{77B4BE40-7040-40E9-BADE-1EA29B2792B7}.Release|Any CPU.ActiveCfg = Release|Any CPU
		{77B4BE40-7040-40E9-BADE-1EA29B2792B7}.Release|Any CPU.Build.0 = Release|Any CPU
	EndGlobalSection
	GlobalSection(SolutionProperties) = preSolution
		HideSolutionNode = FALSE
	EndGlobalSection
	GlobalSection(ExtensibilityGlobals) = postSolution
		SolutionGuid = {30805972-6E63-4550-9523-53FF4F4C29F4}
	EndGlobalSection
EndGlobal
